
Microsoft Visual Studio Solution File, Format Version 12.00
Project("{FAE04EC0-301F-11D3-BF4B-00C04F79EFBC}") = "FuelPriceService", "FuelPriceService\FuelPriceService.csproj", "{58A731FB-2194-4A87-BBF7-98C17E0429D4}"
EndProject
Global
	GlobalSection(SolutionConfigurationPlatforms) = preSolution
		Debug|Any CPU = Debug|Any CPU
		Release|Any CPU = Release|Any CPU
	EndGlobalSection
	GlobalSection(ProjectConfigurationPlatforms) = postSolution
		{58A731FB-2194-4A87-BBF7-98C17E0429D4}.Debug|Any CPU.ActiveCfg = Debug|Any CPU
		{58A731FB-2194-4A87-BBF7-98C17E0429D4}.Debug|Any CPU.Build.0 = Debug|Any CPU
		{58A731FB-2194-4A87-BBF7-98C17E0429D4}.Release|Any CPU.ActiveCfg = Release|Any CPU
		{58A731FB-2194-4A87-BBF7-98C17E0429D4}.Release|Any CPU.Build.0 = Release|Any CPU
	EndGlobalSection
EndGlobal
